{
    "_meta": {
        "hash": {
            "sha256": "acaebf276b3ef603eaec038aecd2e07b084e60acec9e50b684f98638d0bbda2c"
        },
        "pipfile-spec": 6,
        "requires": {
            "python_version": "3.8"
        },
        "sources": [
            {
                "name": "pypi",
                "url": "https://pypi.org/simple",
                "verify_ssl": true
            }
        ]
    },
    "default": {
        "ply": {
            "hashes": [
                "sha256:00c7c1aaa88358b9c765b6d3000c6eec0ba42abca5351b095321aef446081da3",
                "sha256:096f9b8350b65ebd2fd1346b12452efe5b9607f7482813ffca50c22722a807ce"
            ],
            "version": "==3.11"
        },
        "python-dateutil": {
            "hashes": [
                "sha256:0123cacc1627ae19ddf3c27a5de5bd67ee4586fbdd6440d9748f8abb483d3e86",
                "sha256:961d03dc3453ebbc59dbdea9e4e11c5651520a876d0f4db161e8674aae935da9"
            ],
            "markers": "python_version >= '2.7' and python_version not in '3.0, 3.1, 3.2, 3.3'",
            "version": "==2.8.2"
        },
        "rule-engine": {
            "hashes": [
                "sha256:30f8e3aea345752cd96bd8c0f431d386c7484984f3189c968efd903e54699c86"
            ],
            "index": "pypi",
            "version": "==4.3.1"
        },
        "rust-rule-engine": {
            "file": "target/wheels/rust_rule_engine-0.1.0-cp38-cp38-macosx_10_12_x86_64.whl",
            "hashes": [
                "sha256:04d8f5d37517482183ae6c51e5c29a4650b03a99ef1606beabab27c1ed62d14c"
            ]
        },
        "six": {
            "hashes": [
                "sha256:1e61c37477a1626458e36f7b1d82aa5c9b094fa4802892072e49de9c60c4c926",
                "sha256:8abb2f1d86890a2dfb989f9a77cfcfd3e47c2a354b01111771326f8aa26e0254"
            ],
            "markers": "python_version >= '2.7' and python_version not in '3.0, 3.1, 3.2, 3.3'",
            "version": "==1.16.0"
        },
        "zen-engine": {
            "hashes": [
                "sha256:08331de71afe157721173131a0f45465ea17c5cbd31fd5f668415cb86c3081dc",
                "sha256:0de9c741e26cdf55ac7d8058477f7a12bd453bb8c95abfee96f17491aa729275",
                "sha256:19c34bde40eb8ca138832c14404e68bb246e314454c7095ad60872f4041fbe0b",
                "sha256:502eb199e6212424e6bb6b673e0013dce76d3aaf231e6943ff11baa66b5243d4",
                "sha256:669ec176ba7e48ca13ec7562d35c37bc582b849240aec1ff57527bad5d00bbd5",
                "sha256:6e198d20a2da95a26bfb5452634c26dabb8bce90535eac4bdd1cb863658a3679",
                "sha256:706979656b11435c6cf9f7d116d264f5d36b846f1041a5481c32c2484588ada3",
                "sha256:71f8dc90791daa8c5f36ff4d5e8e4e6de4f6fe4dd028bdbc79df807666ea3d8a",
                "sha256:71f970acaf4759404489af19bb139f5711c984bcec9e1867a4af5a88b280b061",
                "sha256:74bb1ff37f4aa9a78bf7cf706fe42d5d505032f4c14ab35bed827fb103056bdc",
                "sha256:83399bd6b94af6bf5ec43ce6b79937b6279f0f1dd638a3d3abd9bba49473cf27",
                "sha256:8407f2d634d8aacd09ac75d527a55dc2a5e146630ecab21fa691533643238ec5",
                "sha256:93b106c6f05ebae228c6d5dadf91ba77662a72cf724d85e9243bd7ff2ce5f754",
                "sha256:942b2e69741a5015ec5b0d46acbd978abd4803ff271c5a0d5601b368ae7a6955",
                "sha256:97427117ac417248289d594f2d84fd23913adccbc24e8e3bd2514db533066acf",
                "sha256:a449f2ce0345e7a7d21c2682ebceecd82568b6d1e12dd6fc011b2457b50d8a69",
                "sha256:bca712b30095c8d4fe540dbcdc48fa66449a2b00195fb0525453e9ebe59364da",
                "sha256:c9139b16f97319ba51abbcf5949dbeb27bc07127ce939de58fc5917d1cdb175e",
                "sha256:ca7ecca019de91b5eafd3bbcd80e3b2c92813aadc4f1aec4db89e563c3727b76",
                "sha256:cb7fa874c9bb8f862c69b5a5c8fe2729523baee3152c1cd6d04305e6928d9802",
                "sha256:d55677684e93f2235ab06a084ceecf907f6af19cc1e1ccdbe9bf5dba545d0d29",
                "sha256:d6564f7f3de5e82fb635447a113bda9d991b1261bb20be485c0d67d14132940d",
                "sha256:dc84eb0242d9751a64eb4c05a88f2604d9b5a854603358cc956faff322df107e",
                "sha256:e0aa8aa8e9cc08a5e926ffebe7f5dfa00d8ebf54f95ad0f8318cb59448b1eea1",
                "sha256:e29b7463ce76740c80d53e3315d47854a76df035b6bcd5b1d0fe260f7f745451",
                "sha256:e41fb92a4605cf70ba89417a1eef302288a79449d89ba2a94f4e4610b2630f84",
                "sha256:ee66943d8f6562b2f45c19318cfb1185d10cc83fefef654559f09ee75f0ecf93",
                "sha256:eec5366de4e29158841d9cd279b9972affead7656253e014a91aeb6f8c7cbfbb",
                "sha256:f082bdcee28efea5e9a706d7bb007195a233aaf3c6a90f6307d91fb25cfe1e34",
                "sha256:f0ee9d252e7052076376aba0e2b80eb8c4995b885eac5fd9f83380737c214ff9",
                "sha256:fdd061cda88499845956646d2ca7270a94aa45146dfc8c6daa7b84a88261b74a",
                "sha256:ff827d56ea79bb3f8a3c8b322b341737a9e2e8ce227cac7412a6d5ef72bff57f"
            ],
            "index": "pypi",
            "markers": "python_version >= '3.7'",
            "version": "==0.17.0"
        }
    },
    "develop": {
        "maturin": {
            "hashes": [
                "sha256:1f5516dbe68491bf4bf7e047caf139596a3cd9d4a5ec8bb43034980e3710e550",
                "sha256:23c6fdc5750b96fd10d28c125dd795e9b75cd5cd768c8a403dc91dfde641243a",
                "sha256:40b4d69f9e5be5eacedd80ae496fae67cfd71d386b5604f7ce2e9ac9d34d0460",
                "sha256:4e1035c102f87aa3e6733d28c2248b7303afa11f93a21f2ac88636e0430b0258",
                "sha256:619f4f7b7e3a842a4f6cbae1d138a71d67aeba460f6217b38f2150ad53bb4dc1",
                "sha256:735375559c8c75bdc910c377f6dcc9197637ee2a312a60e361ef0e08fb31fcb5",
                "sha256:7b6484d7c94d6d6188ccf4ed8a6167cb8f1e98f13c653bfa715c9ee9eac4be0c",
                "sha256:7d47e9a0fe56d25de98a2bed7d1c75975516e3a25fa5b552b2ee61fb1add41c0",
                "sha256:826e90533789ff6dd3f3f0541fbe46c3549ec985d19edceff7913f9bdf9c3131",
                "sha256:aef8ddb9e775dd3781e6f56e10cc3d26f648735723ab5c47ce938542b9b5bbb6",
                "sha256:b44fb4d1d116d69ce7c713c22b322debd5fc222db09eb1cdfa0e1c1b7f3e2e9c",
                "sha256:e414e56896d904c255e80190ac81fa8299b1d7df52f7e2e3f10df33f92784fd8",
                "sha256:ef3f42af453d64f233b99543c3001bee645019a9c2022c7972210a9cacb5301f"
            ],
            "index": "pypi",
            "markers": "python_version >= '3.7'",
            "version": "==1.2.3"
        },
        "tomli": {
            "hashes": [
                "sha256:939de3e7a6161af0c887ef91b7d41a53e7c5a1ca976325f429cb46ea9bc30ecc",
                "sha256:de526c12914f0c550d15924c62d72abc48d6fe7364aa87328337a31007fe8a4f"
            ],
            "markers": "python_version < '3.11'",
            "version": "==2.0.1"
        }
    }
}
