{
    "_meta": {
        "hash": {
            "sha256": "b92b7edc93ae827075bf98af0d7aef96bb9844d7639ac039aa823c7adb167fd9"
        },
        "pipfile-spec": 6,
        "requires": {
            "python_version": "3.12"
        },
        "sources": [
            {
                "name": "pypi",
                "url": "https://pypi.org/simple",
                "verify_ssl": true
            }
        ]
    },
    "default": {
        "ply": {
            "hashes": [
                "sha256:00c7c1aaa88358b9c765b6d3000c6eec0ba42abca5351b095321aef446081da3",
                "sha256:096f9b8350b65ebd2fd1346b12452efe5b9607f7482813ffca50c22722a807ce"
            ],
            "version": "==3.11"
        },
        "python-dateutil": {
            "hashes": [
                "sha256:0123cacc1627ae19ddf3c27a5de5bd67ee4586fbdd6440d9748f8abb483d3e86",
                "sha256:961d03dc3453ebbc59dbdea9e4e11c5651520a876d0f4db161e8674aae935da9"
            ],
            "markers": "python_version >= '2.7' and python_version not in '3.0, 3.1, 3.2, 3.3'",
            "version": "==2.8.2"
        },
        "rule-engine": {
            "hashes": [
                "sha256:30f8e3aea345752cd96bd8c0f431d386c7484984f3189c968efd903e54699c86"
            ],
            "index": "pypi",
            "version": "==4.3.1"
        },
        "rust-rule-engine": {
            "file": "packages/rust_rule_engine-0.1.0-cp312-cp312-macosx_10_12_x86_64.whl",
            "hashes": [
                "sha256:e031a3d1a2c0df1c3fc1450527a14c14de4ee99719de164e0c3e6bd5309e1869"
            ]
        },
        "six": {
            "hashes": [
                "sha256:1e61c37477a1626458e36f7b1d82aa5c9b094fa4802892072e49de9c60c4c926",
                "sha256:8abb2f1d86890a2dfb989f9a77cfcfd3e47c2a354b01111771326f8aa26e0254"
            ],
            "markers": "python_version >= '2.7' and python_version not in '3.0, 3.1, 3.2, 3.3'",
            "version": "==1.16.0"
        }
    },
    "develop": {
        "maturin": {
            "hashes": [
                "sha256:1f5516dbe68491bf4bf7e047caf139596a3cd9d4a5ec8bb43034980e3710e550",
                "sha256:23c6fdc5750b96fd10d28c125dd795e9b75cd5cd768c8a403dc91dfde641243a",
                "sha256:40b4d69f9e5be5eacedd80ae496fae67cfd71d386b5604f7ce2e9ac9d34d0460",
                "sha256:4e1035c102f87aa3e6733d28c2248b7303afa11f93a21f2ac88636e0430b0258",
                "sha256:619f4f7b7e3a842a4f6cbae1d138a71d67aeba460f6217b38f2150ad53bb4dc1",
                "sha256:735375559c8c75bdc910c377f6dcc9197637ee2a312a60e361ef0e08fb31fcb5",
                "sha256:7b6484d7c94d6d6188ccf4ed8a6167cb8f1e98f13c653bfa715c9ee9eac4be0c",
                "sha256:7d47e9a0fe56d25de98a2bed7d1c75975516e3a25fa5b552b2ee61fb1add41c0",
                "sha256:826e90533789ff6dd3f3f0541fbe46c3549ec985d19edceff7913f9bdf9c3131",
                "sha256:aef8ddb9e775dd3781e6f56e10cc3d26f648735723ab5c47ce938542b9b5bbb6",
                "sha256:b44fb4d1d116d69ce7c713c22b322debd5fc222db09eb1cdfa0e1c1b7f3e2e9c",
                "sha256:e414e56896d904c255e80190ac81fa8299b1d7df52f7e2e3f10df33f92784fd8",
                "sha256:ef3f42af453d64f233b99543c3001bee645019a9c2022c7972210a9cacb5301f"
            ],
            "index": "pypi",
            "markers": "python_version >= '3.7'",
            "version": "==1.2.3"
        }
    }
}
